{
    "_readme": [
        "This file locks the dependencies of your project to a known state",
        "Read more about it at https://getcomposer.org/doc/01-basic-usage.md#installing-dependencies",
        "This file is @generated automatically"
    ],
    "content-hash": "a84097e44822194509183c82c64dc571",
    "packages": [
        {
            "name": "storinka/invoke",
            "version": "v1.x-dev",
            "source": {
                "type": "git",
                "url": "https://github.com/storinka/invoke.git",
                "reference": "35aaff55e78c4a0a0a45dbf3443e396445741143"
            },
            "dist": {
                "type": "zip",
                "url": "https://api.github.com/repos/storinka/invoke/zipball/35aaff55e78c4a0a0a45dbf3443e396445741143",
                "reference": "35aaff55e78c4a0a0a45dbf3443e396445741143",
                "shasum": ""
            },
            "require": {
                "ext-json": "*",
                "ext-mbstring": "*",
                "php": "^7.4|^8.0"
            },
            "require-dev": {
                "phpunit/phpunit": "^9"
            },
            "type": "library",
            "autoload": {
                "psr-4": {
                    "Invoke\\": "src"
                },
                "files": [
                    "src/utils.php"
                ]
            },
            "notification-url": "https://packagist.org/downloads/",
            "license": [
                "MIT"
            ],
            "authors": [
                {
                    "name": "Davyd Kohut",
                    "email": "expexes@gmail.com"
                }
            ],
            "description": "Invoke Core library",
            "support": {
                "issues": "https://github.com/storinka/invoke/issues",
                "source": "https://github.com/storinka/invoke/tree/v1.0-BETA-14"
            },
            "time": "2021-07-12T15:43:14+00:00"
        }
    ],
    "packages-dev": [],
    "aliases": [],
    "minimum-stability": "dev",
    "stability-flags": [],
    "prefer-stable": false,
    "prefer-lowest": false,
    "platform": {
        "ext-json": "*"
    },
    "platform-dev": [],
    "plugin-api-version": "2.0.0"
}
