{
    "_readme": [
        "This file locks the dependencies of your project to a known state",
        "Read more about it at https://getcomposer.org/doc/01-basic-usage.md#installing-dependencies",
        "This file is @generated automatically"
    ],
    "content-hash": "5e1672cf5701470a8ace6e27d5e253f6",
    "packages": [
        {
            "name": "composer/semver",
            "version": "dev-main",
            "source": {
                "type": "git",
                "url": "https://github.com/composer/semver.git",
                "reference": "a951f614bd64dcd26137bc9b7b2637ddcfc57649"
            },
            "dist": {
                "type": "zip",
                "url": "https://api.github.com/repos/composer/semver/zipball/a951f614bd64dcd26137bc9b7b2637ddcfc57649",
                "reference": "a951f614bd64dcd26137bc9b7b2637ddcfc57649",
                "shasum": ""
            },
            "require": {
                "php": "^5.3.2 || ^7.0 || ^8.0"
            },
            "require-dev": {
                "phpstan/phpstan": "^1.4",
                "symfony/phpunit-bridge": "^4.2 || ^5"
            },
            "default-branch": true,
            "type": "library",
            "extra": {
                "branch-alias": {
                    "dev-main": "3.x-dev"
                }
            },
            "autoload": {
                "psr-4": {
                    "Composer\\Semver\\": "src"
                }
            },
            "notification-url": "https://packagist.org/downloads/",
            "license": [
                "MIT"
            ],
            "authors": [
                {
                    "name": "Nils Adermann",
                    "email": "naderman@naderman.de",
                    "homepage": "http://www.naderman.de"
                },
                {
                    "name": "Jordi Boggiano",
                    "email": "j.boggiano@seld.be",
                    "homepage": "http://seld.be"
                },
                {
                    "name": "Rob Bast",
                    "email": "rob.bast@gmail.com",
                    "homepage": "http://robbast.nl"
                }
            ],
            "description": "Semver library that offers utilities, version constraint parsing and validation.",
            "keywords": [
                "semantic",
                "semver",
                "validation",
                "versioning"
            ],
            "support": {
                "irc": "irc://irc.freenode.org/composer",
                "issues": "https://github.com/composer/semver/issues",
                "source": "https://github.com/composer/semver/tree/3.2.9"
            },
            "funding": [
                {
                    "url": "https://packagist.com",
                    "type": "custom"
                },
                {
                    "url": "https://github.com/composer",
                    "type": "github"
                },
                {
                    "url": "https://tidelift.com/funding/github/packagist/composer/composer",
                    "type": "tidelift"
                }
            ],
            "time": "2022-02-04T13:58:43+00:00"
        },
        {
            "name": "php-ds/php-ds",
            "version": "v1.4.0",
            "source": {
                "type": "git",
                "url": "https://github.com/php-ds/polyfill.git",
                "reference": "298cafa4e0e20aeba4d63644e3de694e7cf83ffd"
            },
            "dist": {
                "type": "zip",
                "url": "https://api.github.com/repos/php-ds/polyfill/zipball/298cafa4e0e20aeba4d63644e3de694e7cf83ffd",
                "reference": "298cafa4e0e20aeba4d63644e3de694e7cf83ffd",
                "shasum": ""
            },
            "require": {
                "ext-json": "*",
                "php": "^7.3 || ~8.0.0 || ~8.1.0"
            },
            "provide": {
                "ext-ds": "1.3.0"
            },
            "require-dev": {
                "php-ds/tests": "^1.3"
            },
            "suggest": {
                "ext-ds": "to improve performance and reduce memory usage"
            },
            "type": "library",
            "autoload": {
                "psr-4": {
                    "Ds\\": "src"
                }
            },
            "notification-url": "https://packagist.org/downloads/",
            "license": [
                "MIT"
            ],
            "authors": [
                {
                    "name": "Rudi Theunissen",
                    "email": "rudolf.theunissen@gmail.com"
                }
            ],
            "keywords": [
                "data structures",
                "ds",
                "php",
                "polyfill"
            ],
            "support": {
                "issues": "https://github.com/php-ds/polyfill/issues",
                "source": "https://github.com/php-ds/polyfill/tree/v1.4.0"
            },
            "time": "2021-11-17T19:52:15+00:00"
        },
        {
            "name": "storinka/invoke",
            "version": "v2.x-dev",
            "source": {
                "type": "git",
                "url": "https://github.com/storinka/invoke.git",
                "reference": "c81129861a94e835dcdd845ed18ce7f015f84d02"
            },
            "dist": {
                "type": "zip",
                "url": "https://api.github.com/repos/storinka/invoke/zipball/c81129861a94e835dcdd845ed18ce7f015f84d02",
                "reference": "c81129861a94e835dcdd845ed18ce7f015f84d02",
                "shasum": ""
            },
            "require": {
                "composer/semver": "^3.2",
                "ext-json": "*",
                "ext-mbstring": "*",
                "php": "^8.1",
                "php-ds/php-ds": "^1.4"
            },
            "require-dev": {
                "phpunit/phpunit": "^9"
            },
            "default-branch": true,
            "type": "library",
            "autoload": {
                "files": [
                    "src/utils.php"
                ],
                "psr-4": {
                    "Invoke\\": "src"
                }
            },
            "notification-url": "https://packagist.org/downloads/",
            "license": [
                "MIT"
            ],
            "authors": [
                {
                    "name": "Davyd Kohut",
                    "email": "expexes@gmail.com"
                }
            ],
            "description": "Invoke Core library",
            "support": {
                "issues": "https://github.com/storinka/invoke/issues",
                "source": "https://github.com/storinka/invoke/tree/v2"
            },
            "time": "2022-02-07T20:39:53+00:00"
        }
    ],
    "packages-dev": [],
    "aliases": [],
    "minimum-stability": "dev",
    "stability-flags": [],
    "prefer-stable": false,
    "prefer-lowest": false,
    "platform": {
        "ext-json": "*"
    },
    "platform-dev": [],
    "plugin-api-version": "2.2.0"
}
